
Microsoft Visual Studio Solution File, Format Version 12.00
Project("{FAE04EC0-301F-11D3-BF4B-00C04F79EFBC}") = "MathLib", "MathLib\MathLib.csproj", "{AA6DC602-DCC4-4C99-B184-B2152DEE010C}"
EndProject
Project("{FAE04EC0-301F-11D3-BF4B-00C04F79EFBC}") = "GlobalConstants", "GlobalConstants\GlobalConstants.csproj", "{4CA99EE0-CC95-4207-BC92-5A2F672FEC40}"
EndProject
Project("{FAE04EC0-301F-11D3-BF4B-00C04F79EFBC}") = "MainLibTests", "MainLibTests\MainLibTests.csproj", "{03AF8E05-8A3A-42B4-AC46-CD3637DBC233}"
EndProject
Project("{FAE04EC0-301F-11D3-BF4B-00C04F79EFBC}") = "ConsoleTests", "ConsoleTests\ConsoleTests.csproj", "{C6590F28-436A-412F-AFD7-98E0590151DE}"
EndProject
Project("{FAE04EC0-301F-11D3-BF4B-00C04F79EFBC}") = "ClockTest", "ClockTest\ClockTest.csproj", "{97B03553-2A55-4893-A9A6-9731D852B2AD}"
EndProject
Project("{2150E333-8FDC-42A3-9474-1A3956D46DE8}") = "ConsoleTests", "ConsoleTests", "{BC64F150-32E1-4446-94FF-ADA849FF3312}"
EndProject
Project("{FAE04EC0-301F-11D3-BF4B-00C04F79EFBC}") = "FileManagement", "FileManagement\FileManagement.csproj", "{5236E2C5-B572-44A4-AC9B-BC3DA473C723}"
EndProject
Project("{FAE04EC0-301F-11D3-BF4B-00C04F79EFBC}") = "Drawing", "Drawing\Drawing.csproj", "{D82A5BA8-93A3-4BD4-9BA3-3FF20079BA10}"
EndProject
Project("{FAE04EC0-301F-11D3-BF4B-00C04F79EFBC}") = "SphereToCanvasTest", "SphereToCanvasTest\SphereToCanvasTest.csproj", "{39DFE4EC-2953-4CAF-AD04-A3F0478F742D}"
EndProject
Project("{FAE04EC0-301F-11D3-BF4B-00C04F79EFBC}") = "DrawingTests", "DrawingTests\DrawingTests.csproj", "{CBD7AECC-A31B-4A3C-A300-473212B53F44}"
EndProject
Project("{2150E333-8FDC-42A3-9474-1A3956D46DE8}") = "Tests", "Tests", "{984756D6-87EC-4192-8B63-2CB145CF2408}"
EndProject
Project("{FAE04EC0-301F-11D3-BF4B-00C04F79EFBC}") = "FileTests", "FileTests\FileTests.csproj", "{72F58F33-9854-458E-A416-0BDAC333559B}"
EndProject
Global
	GlobalSection(SolutionConfigurationPlatforms) = preSolution
		Debug|Any CPU = Debug|Any CPU
		Release|Any CPU = Release|Any CPU
	EndGlobalSection
	GlobalSection(ProjectConfigurationPlatforms) = postSolution
		{AA6DC602-DCC4-4C99-B184-B2152DEE010C}.Debug|Any CPU.ActiveCfg = Debug|Any CPU
		{AA6DC602-DCC4-4C99-B184-B2152DEE010C}.Debug|Any CPU.Build.0 = Debug|Any CPU
		{AA6DC602-DCC4-4C99-B184-B2152DEE010C}.Release|Any CPU.ActiveCfg = Release|Any CPU
		{AA6DC602-DCC4-4C99-B184-B2152DEE010C}.Release|Any CPU.Build.0 = Release|Any CPU
		{4CA99EE0-CC95-4207-BC92-5A2F672FEC40}.Debug|Any CPU.ActiveCfg = Debug|Any CPU
		{4CA99EE0-CC95-4207-BC92-5A2F672FEC40}.Debug|Any CPU.Build.0 = Debug|Any CPU
		{4CA99EE0-CC95-4207-BC92-5A2F672FEC40}.Release|Any CPU.ActiveCfg = Release|Any CPU
		{4CA99EE0-CC95-4207-BC92-5A2F672FEC40}.Release|Any CPU.Build.0 = Release|Any CPU
		{03AF8E05-8A3A-42B4-AC46-CD3637DBC233}.Debug|Any CPU.ActiveCfg = Debug|Any CPU
		{03AF8E05-8A3A-42B4-AC46-CD3637DBC233}.Debug|Any CPU.Build.0 = Debug|Any CPU
		{03AF8E05-8A3A-42B4-AC46-CD3637DBC233}.Release|Any CPU.ActiveCfg = Release|Any CPU
		{03AF8E05-8A3A-42B4-AC46-CD3637DBC233}.Release|Any CPU.Build.0 = Release|Any CPU
		{C6590F28-436A-412F-AFD7-98E0590151DE}.Debug|Any CPU.ActiveCfg = Debug|Any CPU
		{C6590F28-436A-412F-AFD7-98E0590151DE}.Debug|Any CPU.Build.0 = Debug|Any CPU
		{C6590F28-436A-412F-AFD7-98E0590151DE}.Release|Any CPU.ActiveCfg = Release|Any CPU
		{C6590F28-436A-412F-AFD7-98E0590151DE}.Release|Any CPU.Build.0 = Release|Any CPU
		{97B03553-2A55-4893-A9A6-9731D852B2AD}.Debug|Any CPU.ActiveCfg = Debug|Any CPU
		{97B03553-2A55-4893-A9A6-9731D852B2AD}.Debug|Any CPU.Build.0 = Debug|Any CPU
		{97B03553-2A55-4893-A9A6-9731D852B2AD}.Release|Any CPU.ActiveCfg = Release|Any CPU
		{97B03553-2A55-4893-A9A6-9731D852B2AD}.Release|Any CPU.Build.0 = Release|Any CPU
		{5236E2C5-B572-44A4-AC9B-BC3DA473C723}.Debug|Any CPU.ActiveCfg = Debug|Any CPU
		{5236E2C5-B572-44A4-AC9B-BC3DA473C723}.Debug|Any CPU.Build.0 = Debug|Any CPU
		{5236E2C5-B572-44A4-AC9B-BC3DA473C723}.Release|Any CPU.ActiveCfg = Release|Any CPU
		{5236E2C5-B572-44A4-AC9B-BC3DA473C723}.Release|Any CPU.Build.0 = Release|Any CPU
		{D82A5BA8-93A3-4BD4-9BA3-3FF20079BA10}.Debug|Any CPU.ActiveCfg = Debug|Any CPU
		{D82A5BA8-93A3-4BD4-9BA3-3FF20079BA10}.Debug|Any CPU.Build.0 = Debug|Any CPU
		{D82A5BA8-93A3-4BD4-9BA3-3FF20079BA10}.Release|Any CPU.ActiveCfg = Release|Any CPU
		{D82A5BA8-93A3-4BD4-9BA3-3FF20079BA10}.Release|Any CPU.Build.0 = Release|Any CPU
		{39DFE4EC-2953-4CAF-AD04-A3F0478F742D}.Debug|Any CPU.ActiveCfg = Debug|Any CPU
		{39DFE4EC-2953-4CAF-AD04-A3F0478F742D}.Debug|Any CPU.Build.0 = Debug|Any CPU
		{39DFE4EC-2953-4CAF-AD04-A3F0478F742D}.Release|Any CPU.ActiveCfg = Release|Any CPU
		{39DFE4EC-2953-4CAF-AD04-A3F0478F742D}.Release|Any CPU.Build.0 = Release|Any CPU
		{CBD7AECC-A31B-4A3C-A300-473212B53F44}.Debug|Any CPU.ActiveCfg = Debug|Any CPU
		{CBD7AECC-A31B-4A3C-A300-473212B53F44}.Debug|Any CPU.Build.0 = Debug|Any CPU
		{CBD7AECC-A31B-4A3C-A300-473212B53F44}.Release|Any CPU.ActiveCfg = Release|Any CPU
		{CBD7AECC-A31B-4A3C-A300-473212B53F44}.Release|Any CPU.Build.0 = Release|Any CPU
		{72F58F33-9854-458E-A416-0BDAC333559B}.Debug|Any CPU.ActiveCfg = Debug|Any CPU
		{72F58F33-9854-458E-A416-0BDAC333559B}.Debug|Any CPU.Build.0 = Debug|Any CPU
		{72F58F33-9854-458E-A416-0BDAC333559B}.Release|Any CPU.ActiveCfg = Release|Any CPU
		{72F58F33-9854-458E-A416-0BDAC333559B}.Release|Any CPU.Build.0 = Release|Any CPU
	EndGlobalSection
	GlobalSection(NestedProjects) = preSolution
		{97B03553-2A55-4893-A9A6-9731D852B2AD} = {BC64F150-32E1-4446-94FF-ADA849FF3312}
		{C6590F28-436A-412F-AFD7-98E0590151DE} = {BC64F150-32E1-4446-94FF-ADA849FF3312}
		{39DFE4EC-2953-4CAF-AD04-A3F0478F742D} = {BC64F150-32E1-4446-94FF-ADA849FF3312}
		{CBD7AECC-A31B-4A3C-A300-473212B53F44} = {984756D6-87EC-4192-8B63-2CB145CF2408}
		{03AF8E05-8A3A-42B4-AC46-CD3637DBC233} = {984756D6-87EC-4192-8B63-2CB145CF2408}
		{72F58F33-9854-458E-A416-0BDAC333559B} = {984756D6-87EC-4192-8B63-2CB145CF2408}
	EndGlobalSection
EndGlobal
